
Microsoft Visual Studio Solution File, Format Version 12.00
# Visual Studio Version 17
VisualStudioVersion = 17.13.35825.156 d17.13
MinimumVisualStudioVersion = 10.0.40219.1
Project("{54A90642-561A-4BB1-A94E-469ADEE60C69}") = "weatherapp.client", "weatherapp.client\weatherapp.client.esproj", "{16C72FBB-1696-2DC0-3036-AF7A3C372DE7}"
EndProject
Project("{FAE04EC0-301F-11D3-BF4B-00C04F79EFBC}") = "WeatherApp.Server", "WeatherApp.Server\WeatherApp.Server.csproj", "{02FD9060-383F-4D00-AFB6-F9F78BCE1B39}"
EndProject
Global
	GlobalSection(SolutionConfigurationPlatforms) = preSolution
		Debug|Any CPU = Debug|Any CPU
		Release|Any CPU = Release|Any CPU
	EndGlobalSection
	GlobalSection(ProjectConfigurationPlatforms) = postSolution
		{16C72FBB-1696-2DC0-3036-AF7A3C372DE7}.Debug|Any CPU.ActiveCfg = Debug|Any CPU
		{16C72FBB-1696-2DC0-3036-AF7A3C372DE7}.Debug|Any CPU.Build.0 = Debug|Any CPU
		{16C72FBB-1696-2DC0-3036-AF7A3C372DE7}.Debug|Any CPU.Deploy.0 = Debug|Any CPU
		{16C72FBB-1696-2DC0-3036-AF7A3C372DE7}.Release|Any CPU.ActiveCfg = Release|Any CPU
		{16C72FBB-1696-2DC0-3036-AF7A3C372DE7}.Release|Any CPU.Build.0 = Release|Any CPU
		{16C72FBB-1696-2DC0-3036-AF7A3C372DE7}.Release|Any CPU.Deploy.0 = Release|Any CPU
		{02FD9060-383F-4D00-AFB6-F9F78BCE1B39}.Debug|Any CPU.ActiveCfg = Debug|Any CPU
		{02FD9060-383F-4D00-AFB6-F9F78BCE1B39}.Debug|Any CPU.Build.0 = Debug|Any CPU
		{02FD9060-383F-4D00-AFB6-F9F78BCE1B39}.Release|Any CPU.ActiveCfg = Release|Any CPU
		{02FD9060-383F-4D00-AFB6-F9F78BCE1B39}.Release|Any CPU.Build.0 = Release|Any CPU
	EndGlobalSection
	GlobalSection(SolutionProperties) = preSolution
		HideSolutionNode = FALSE
	EndGlobalSection
	GlobalSection(ExtensibilityGlobals) = postSolution
		SolutionGuid = {94BEDEDF-6D07-402F-B04D-7E1A3FDB5F12}
	EndGlobalSection
EndGlobal
